
Microsoft Visual Studio Solution File, Format Version 12.00
# Visual Studio Version 17
VisualStudioVersion = 17.9.34728.123
MinimumVisualStudioVersion = 10.0.40219.1
Project("{9A19103F-16F7-4668-BE54-9A1E7A4F7556}") = "ACS.WebApi", "ACS.WebApi\ACS.WebApi.csproj", "{33A8D219-D551-4D8D-93DE-52A39E10D84B}"
EndProject
Project("{9A19103F-16F7-4668-BE54-9A1E7A4F7556}") = "ACS.Service", "ACS.Service\ACS.Service.csproj", "{001633FA-6410-48E6-92D1-31F6EEBF9A52}"
EndProject
Project("{FAE04EC0-301F-11D3-BF4B-00C04F79EFBC}") = "ACS.Performance.Tests", "ACS.Performance.Tests\ACS.Performance.Tests.csproj", "{A0FEB92A-0847-4154-A8E5-F00E88667500}"
EndProject
Project("{9A19103F-16F7-4668-BE54-9A1E7A4F7556}") = "ACS.Database", "ACS.Database\ACS.Database.csproj", "{5BDDA714-4942-4ABF-ACBD-ACB24F5FB99C}"
EndProject
Project("{FAE04EC0-301F-11D3-BF4B-00C04F79EFBC}") = "ACS.Service.Tests.Unit", "ACS.Service.Tests.Unit\ACS.Service.Tests.Unit.csproj", "{3E67D1E9-6948-487B-AFD5-250E39040AAB}"
EndProject
Project("{FAE04EC0-301F-11D3-BF4B-00C04F79EFBC}") = "ACS.WebApi.Tests.Integration", "ACS.WebApi.Tests.Integration\ACS.WebApi.Tests.Integration.csproj", "{819967C0-46FE-44D5-B9DA-E1F1637646E1}"
EndProject
Project("{FAE04EC0-301F-11D3-BF4B-00C04F79EFBC}") = "ACS.Core", "ACS.Core\ACS.Core.csproj", "{912FE07C-A6F8-465A-8E7E-557BFE55FEF1}"
EndProject
Project("{FAE04EC0-301F-11D3-BF4B-00C04F79EFBC}") = "ACS.Infrastructure", "ACS.Infrastructure\ACS.Infrastructure.csproj", "{1655F1E0-B9F6-482F-AE79-3B78A10013A5}"
EndProject
Project("{FAE04EC0-301F-11D3-BF4B-00C04F79EFBC}") = "ACS.Infrastructure.Tests", "ACS.Infrastructure.Tests\ACS.Infrastructure.Tests.csproj", "{549A8327-696D-41E0-9CA5-5B258F48BF9D}"
EndProject
Project("{FAE04EC0-301F-11D3-BF4B-00C04F79EFBC}") = "ACS.VerticalHost", "ACS.VerticalHost\ACS.VerticalHost.csproj", "{E4C8D6F1-2A3B-4C5D-8E9F-A1B2C3D4E5F6}"
EndProject
Project("{FAE04EC0-301F-11D3-BF4B-00C04F79EFBC}") = "ACS.VerticalHost.Tests", "ACS.VerticalHost.Tests\ACS.VerticalHost.Tests.csproj", "{5494F99A-1220-47BC-AD83-9ED2AF112796}"
EndProject
Project("{FAE04EC0-301F-11D3-BF4B-00C04F79EFBC}") = "ACS.Dashboard", "ACS.Dashboard\ACS.Dashboard.csproj", "{F6BA25A5-6EBE-4D3A-82E0-983FFE071315}"
EndProject
Project("{FAE04EC0-301F-11D3-BF4B-00C04F79EFBC}") = "ACS.WebApi.Tests.Security", "ACS.WebApi.Tests.Security\ACS.WebApi.Tests.Security.csproj", "{B8C7D4E9-2F5A-4B6C-9D8E-A1F2B3C4D5E6}"
EndProject
Project("{FAE04EC0-301F-11D3-BF4B-00C04F79EFBC}") = "ACS.WebApi.Tests.Performance", "ACS.WebApi.Tests.Performance\ACS.WebApi.Tests.Performance.csproj", "{C9D8E5F0-3A6B-4C7D-9E0F-B2C3D4E5F6A7}"
EndProject
Project("{FAE04EC0-301F-11D3-BF4B-00C04F79EFBC}") = "ACS.WebApi.Tests.E2E", "ACS.WebApi.Tests.E2E\ACS.WebApi.Tests.E2E.csproj", "{D0E9F6A1-4C7D-5E8F-0A1B-C3D4E5F6A7B8}"
EndProject
Global
	GlobalSection(SolutionConfigurationPlatforms) = preSolution
		Debug|Any CPU = Debug|Any CPU
		Debug|x64 = Debug|x64
		Debug|x86 = Debug|x86
		Release|Any CPU = Release|Any CPU
		Release|x64 = Release|x64
		Release|x86 = Release|x86
	EndGlobalSection
	GlobalSection(ProjectConfigurationPlatforms) = postSolution
		{33A8D219-D551-4D8D-93DE-52A39E10D84B}.Debug|Any CPU.ActiveCfg = Debug|Any CPU
		{33A8D219-D551-4D8D-93DE-52A39E10D84B}.Debug|Any CPU.Build.0 = Debug|Any CPU
		{33A8D219-D551-4D8D-93DE-52A39E10D84B}.Debug|x64.ActiveCfg = Debug|Any CPU
		{33A8D219-D551-4D8D-93DE-52A39E10D84B}.Debug|x64.Build.0 = Debug|Any CPU
		{33A8D219-D551-4D8D-93DE-52A39E10D84B}.Debug|x86.ActiveCfg = Debug|Any CPU
		{33A8D219-D551-4D8D-93DE-52A39E10D84B}.Debug|x86.Build.0 = Debug|Any CPU
		{33A8D219-D551-4D8D-93DE-52A39E10D84B}.Release|Any CPU.ActiveCfg = Release|Any CPU
		{33A8D219-D551-4D8D-93DE-52A39E10D84B}.Release|Any CPU.Build.0 = Release|Any CPU
		{33A8D219-D551-4D8D-93DE-52A39E10D84B}.Release|x64.ActiveCfg = Release|Any CPU
		{33A8D219-D551-4D8D-93DE-52A39E10D84B}.Release|x64.Build.0 = Release|Any CPU
		{33A8D219-D551-4D8D-93DE-52A39E10D84B}.Release|x86.ActiveCfg = Release|Any CPU
		{33A8D219-D551-4D8D-93DE-52A39E10D84B}.Release|x86.Build.0 = Release|Any CPU
		{001633FA-6410-48E6-92D1-31F6EEBF9A52}.Debug|Any CPU.ActiveCfg = Debug|Any CPU
		{001633FA-6410-48E6-92D1-31F6EEBF9A52}.Debug|Any CPU.Build.0 = Debug|Any CPU
		{001633FA-6410-48E6-92D1-31F6EEBF9A52}.Debug|x64.ActiveCfg = Debug|Any CPU
		{001633FA-6410-48E6-92D1-31F6EEBF9A52}.Debug|x64.Build.0 = Debug|Any CPU
		{001633FA-6410-48E6-92D1-31F6EEBF9A52}.Debug|x86.ActiveCfg = Debug|Any CPU
		{001633FA-6410-48E6-92D1-31F6EEBF9A52}.Debug|x86.Build.0 = Debug|Any CPU
		{001633FA-6410-48E6-92D1-31F6EEBF9A52}.Release|Any CPU.ActiveCfg = Release|Any CPU
		{001633FA-6410-48E6-92D1-31F6EEBF9A52}.Release|Any CPU.Build.0 = Release|Any CPU
		{001633FA-6410-48E6-92D1-31F6EEBF9A52}.Release|x64.ActiveCfg = Release|Any CPU
		{001633FA-6410-48E6-92D1-31F6EEBF9A52}.Release|x64.Build.0 = Release|Any CPU
		{001633FA-6410-48E6-92D1-31F6EEBF9A52}.Release|x86.ActiveCfg = Release|Any CPU
		{001633FA-6410-48E6-92D1-31F6EEBF9A52}.Release|x86.Build.0 = Release|Any CPU
		{A0FEB92A-0847-4154-A8E5-F00E88667500}.Debug|Any CPU.ActiveCfg = Debug|Any CPU
		{A0FEB92A-0847-4154-A8E5-F00E88667500}.Debug|Any CPU.Build.0 = Debug|Any CPU
		{A0FEB92A-0847-4154-A8E5-F00E88667500}.Debug|x64.ActiveCfg = Debug|Any CPU
		{A0FEB92A-0847-4154-A8E5-F00E88667500}.Debug|x64.Build.0 = Debug|Any CPU
		{A0FEB92A-0847-4154-A8E5-F00E88667500}.Debug|x86.ActiveCfg = Debug|Any CPU
		{A0FEB92A-0847-4154-A8E5-F00E88667500}.Debug|x86.Build.0 = Debug|Any CPU
		{A0FEB92A-0847-4154-A8E5-F00E88667500}.Release|Any CPU.ActiveCfg = Release|Any CPU
		{A0FEB92A-0847-4154-A8E5-F00E88667500}.Release|Any CPU.Build.0 = Release|Any CPU
		{A0FEB92A-0847-4154-A8E5-F00E88667500}.Release|x64.ActiveCfg = Release|Any CPU
		{A0FEB92A-0847-4154-A8E5-F00E88667500}.Release|x64.Build.0 = Release|Any CPU
		{A0FEB92A-0847-4154-A8E5-F00E88667500}.Release|x86.ActiveCfg = Release|Any CPU
		{A0FEB92A-0847-4154-A8E5-F00E88667500}.Release|x86.Build.0 = Release|Any CPU
		{5BDDA714-4942-4ABF-ACBD-ACB24F5FB99C}.Debug|Any CPU.ActiveCfg = Debug|Any CPU
		{5BDDA714-4942-4ABF-ACBD-ACB24F5FB99C}.Debug|Any CPU.Build.0 = Debug|Any CPU
		{5BDDA714-4942-4ABF-ACBD-ACB24F5FB99C}.Debug|Any CPU.Deploy.0 = Debug|Any CPU
		{5BDDA714-4942-4ABF-ACBD-ACB24F5FB99C}.Debug|x64.ActiveCfg = Debug|x64
		{5BDDA714-4942-4ABF-ACBD-ACB24F5FB99C}.Debug|x86.ActiveCfg = Debug|x86
		{5BDDA714-4942-4ABF-ACBD-ACB24F5FB99C}.Release|Any CPU.ActiveCfg = Release|Any CPU
		{5BDDA714-4942-4ABF-ACBD-ACB24F5FB99C}.Release|Any CPU.Build.0 = Release|Any CPU
		{5BDDA714-4942-4ABF-ACBD-ACB24F5FB99C}.Release|Any CPU.Deploy.0 = Release|Any CPU
		{5BDDA714-4942-4ABF-ACBD-ACB24F5FB99C}.Release|x64.ActiveCfg = Release|x64
		{5BDDA714-4942-4ABF-ACBD-ACB24F5FB99C}.Release|x86.ActiveCfg = Release|x86
		{3E67D1E9-6948-487B-AFD5-250E39040AAB}.Debug|Any CPU.ActiveCfg = Debug|Any CPU
		{3E67D1E9-6948-487B-AFD5-250E39040AAB}.Debug|Any CPU.Build.0 = Debug|Any CPU
		{3E67D1E9-6948-487B-AFD5-250E39040AAB}.Debug|x64.ActiveCfg = Debug|Any CPU
		{3E67D1E9-6948-487B-AFD5-250E39040AAB}.Debug|x64.Build.0 = Debug|Any CPU
		{3E67D1E9-6948-487B-AFD5-250E39040AAB}.Debug|x86.ActiveCfg = Debug|Any CPU
		{3E67D1E9-6948-487B-AFD5-250E39040AAB}.Debug|x86.Build.0 = Debug|Any CPU
		{3E67D1E9-6948-487B-AFD5-250E39040AAB}.Release|Any CPU.ActiveCfg = Release|Any CPU
		{3E67D1E9-6948-487B-AFD5-250E39040AAB}.Release|Any CPU.Build.0 = Release|Any CPU
		{3E67D1E9-6948-487B-AFD5-250E39040AAB}.Release|x64.ActiveCfg = Release|Any CPU
		{3E67D1E9-6948-487B-AFD5-250E39040AAB}.Release|x64.Build.0 = Release|Any CPU
		{3E67D1E9-6948-487B-AFD5-250E39040AAB}.Release|x86.ActiveCfg = Release|Any CPU
		{3E67D1E9-6948-487B-AFD5-250E39040AAB}.Release|x86.Build.0 = Release|Any CPU
		{819967C0-46FE-44D5-B9DA-E1F1637646E1}.Debug|Any CPU.ActiveCfg = Debug|Any CPU
		{819967C0-46FE-44D5-B9DA-E1F1637646E1}.Debug|Any CPU.Build.0 = Debug|Any CPU
		{819967C0-46FE-44D5-B9DA-E1F1637646E1}.Debug|x64.ActiveCfg = Debug|Any CPU
		{819967C0-46FE-44D5-B9DA-E1F1637646E1}.Debug|x64.Build.0 = Debug|Any CPU
		{819967C0-46FE-44D5-B9DA-E1F1637646E1}.Debug|x86.ActiveCfg = Debug|Any CPU
		{819967C0-46FE-44D5-B9DA-E1F1637646E1}.Debug|x86.Build.0 = Debug|Any CPU
		{819967C0-46FE-44D5-B9DA-E1F1637646E1}.Release|Any CPU.ActiveCfg = Release|Any CPU
		{819967C0-46FE-44D5-B9DA-E1F1637646E1}.Release|Any CPU.Build.0 = Release|Any CPU
		{819967C0-46FE-44D5-B9DA-E1F1637646E1}.Release|x64.ActiveCfg = Release|Any CPU
		{819967C0-46FE-44D5-B9DA-E1F1637646E1}.Release|x64.Build.0 = Release|Any CPU
		{819967C0-46FE-44D5-B9DA-E1F1637646E1}.Release|x86.ActiveCfg = Release|Any CPU
		{819967C0-46FE-44D5-B9DA-E1F1637646E1}.Release|x86.Build.0 = Release|Any CPU
		{912FE07C-A6F8-465A-8E7E-557BFE55FEF1}.Debug|Any CPU.ActiveCfg = Debug|Any CPU
		{912FE07C-A6F8-465A-8E7E-557BFE55FEF1}.Debug|Any CPU.Build.0 = Debug|Any CPU
		{912FE07C-A6F8-465A-8E7E-557BFE55FEF1}.Debug|x64.ActiveCfg = Debug|Any CPU
		{912FE07C-A6F8-465A-8E7E-557BFE55FEF1}.Debug|x64.Build.0 = Debug|Any CPU
		{912FE07C-A6F8-465A-8E7E-557BFE55FEF1}.Debug|x86.ActiveCfg = Debug|Any CPU
		{912FE07C-A6F8-465A-8E7E-557BFE55FEF1}.Debug|x86.Build.0 = Debug|Any CPU
		{912FE07C-A6F8-465A-8E7E-557BFE55FEF1}.Release|Any CPU.ActiveCfg = Release|Any CPU
		{912FE07C-A6F8-465A-8E7E-557BFE55FEF1}.Release|Any CPU.Build.0 = Release|Any CPU
		{912FE07C-A6F8-465A-8E7E-557BFE55FEF1}.Release|x64.ActiveCfg = Release|Any CPU
		{912FE07C-A6F8-465A-8E7E-557BFE55FEF1}.Release|x64.Build.0 = Release|Any CPU
		{912FE07C-A6F8-465A-8E7E-557BFE55FEF1}.Release|x86.ActiveCfg = Release|Any CPU
		{912FE07C-A6F8-465A-8E7E-557BFE55FEF1}.Release|x86.Build.0 = Release|Any CPU
		{1655F1E0-B9F6-482F-AE79-3B78A10013A5}.Debug|Any CPU.ActiveCfg = Debug|Any CPU
		{1655F1E0-B9F6-482F-AE79-3B78A10013A5}.Debug|Any CPU.Build.0 = Debug|Any CPU
		{1655F1E0-B9F6-482F-AE79-3B78A10013A5}.Debug|x64.ActiveCfg = Debug|Any CPU
		{1655F1E0-B9F6-482F-AE79-3B78A10013A5}.Debug|x64.Build.0 = Debug|Any CPU
		{1655F1E0-B9F6-482F-AE79-3B78A10013A5}.Debug|x86.ActiveCfg = Debug|Any CPU
		{1655F1E0-B9F6-482F-AE79-3B78A10013A5}.Debug|x86.Build.0 = Debug|Any CPU
		{1655F1E0-B9F6-482F-AE79-3B78A10013A5}.Release|Any CPU.ActiveCfg = Release|Any CPU
		{1655F1E0-B9F6-482F-AE79-3B78A10013A5}.Release|Any CPU.Build.0 = Release|Any CPU
		{1655F1E0-B9F6-482F-AE79-3B78A10013A5}.Release|x64.ActiveCfg = Release|Any CPU
		{1655F1E0-B9F6-482F-AE79-3B78A10013A5}.Release|x64.Build.0 = Release|Any CPU
		{1655F1E0-B9F6-482F-AE79-3B78A10013A5}.Release|x86.ActiveCfg = Release|Any CPU
		{1655F1E0-B9F6-482F-AE79-3B78A10013A5}.Release|x86.Build.0 = Release|Any CPU
		{549A8327-696D-41E0-9CA5-5B258F48BF9D}.Debug|Any CPU.ActiveCfg = Debug|Any CPU
		{549A8327-696D-41E0-9CA5-5B258F48BF9D}.Debug|Any CPU.Build.0 = Debug|Any CPU
		{549A8327-696D-41E0-9CA5-5B258F48BF9D}.Debug|x64.ActiveCfg = Debug|Any CPU
		{549A8327-696D-41E0-9CA5-5B258F48BF9D}.Debug|x64.Build.0 = Debug|Any CPU
		{549A8327-696D-41E0-9CA5-5B258F48BF9D}.Debug|x86.ActiveCfg = Debug|Any CPU
		{549A8327-696D-41E0-9CA5-5B258F48BF9D}.Debug|x86.Build.0 = Debug|Any CPU
		{549A8327-696D-41E0-9CA5-5B258F48BF9D}.Release|Any CPU.ActiveCfg = Release|Any CPU
		{549A8327-696D-41E0-9CA5-5B258F48BF9D}.Release|Any CPU.Build.0 = Release|Any CPU
		{549A8327-696D-41E0-9CA5-5B258F48BF9D}.Release|x64.ActiveCfg = Release|Any CPU
		{549A8327-696D-41E0-9CA5-5B258F48BF9D}.Release|x64.Build.0 = Release|Any CPU
		{549A8327-696D-41E0-9CA5-5B258F48BF9D}.Release|x86.ActiveCfg = Release|Any CPU
		{549A8327-696D-41E0-9CA5-5B258F48BF9D}.Release|x86.Build.0 = Release|Any CPU
		{E4C8D6F1-2A3B-4C5D-8E9F-A1B2C3D4E5F6}.Debug|Any CPU.ActiveCfg = Debug|Any CPU
		{E4C8D6F1-2A3B-4C5D-8E9F-A1B2C3D4E5F6}.Debug|Any CPU.Build.0 = Debug|Any CPU
		{E4C8D6F1-2A3B-4C5D-8E9F-A1B2C3D4E5F6}.Debug|x64.ActiveCfg = Debug|Any CPU
		{E4C8D6F1-2A3B-4C5D-8E9F-A1B2C3D4E5F6}.Debug|x64.Build.0 = Debug|Any CPU
		{E4C8D6F1-2A3B-4C5D-8E9F-A1B2C3D4E5F6}.Debug|x86.ActiveCfg = Debug|Any CPU
		{E4C8D6F1-2A3B-4C5D-8E9F-A1B2C3D4E5F6}.Debug|x86.Build.0 = Debug|Any CPU
		{E4C8D6F1-2A3B-4C5D-8E9F-A1B2C3D4E5F6}.Release|Any CPU.ActiveCfg = Release|Any CPU
		{E4C8D6F1-2A3B-4C5D-8E9F-A1B2C3D4E5F6}.Release|Any CPU.Build.0 = Release|Any CPU
		{E4C8D6F1-2A3B-4C5D-8E9F-A1B2C3D4E5F6}.Release|x64.ActiveCfg = Release|Any CPU
		{E4C8D6F1-2A3B-4C5D-8E9F-A1B2C3D4E5F6}.Release|x64.Build.0 = Release|Any CPU
		{E4C8D6F1-2A3B-4C5D-8E9F-A1B2C3D4E5F6}.Release|x86.ActiveCfg = Release|Any CPU
		{E4C8D6F1-2A3B-4C5D-8E9F-A1B2C3D4E5F6}.Release|x86.Build.0 = Release|Any CPU
		{5494F99A-1220-47BC-AD83-9ED2AF112796}.Debug|Any CPU.ActiveCfg = Debug|Any CPU
		{5494F99A-1220-47BC-AD83-9ED2AF112796}.Debug|Any CPU.Build.0 = Debug|Any CPU
		{5494F99A-1220-47BC-AD83-9ED2AF112796}.Debug|x64.ActiveCfg = Debug|Any CPU
		{5494F99A-1220-47BC-AD83-9ED2AF112796}.Debug|x64.Build.0 = Debug|Any CPU
		{5494F99A-1220-47BC-AD83-9ED2AF112796}.Debug|x86.ActiveCfg = Debug|Any CPU
		{5494F99A-1220-47BC-AD83-9ED2AF112796}.Debug|x86.Build.0 = Debug|Any CPU
		{5494F99A-1220-47BC-AD83-9ED2AF112796}.Release|Any CPU.ActiveCfg = Release|Any CPU
		{5494F99A-1220-47BC-AD83-9ED2AF112796}.Release|Any CPU.Build.0 = Release|Any CPU
		{5494F99A-1220-47BC-AD83-9ED2AF112796}.Release|x64.ActiveCfg = Release|Any CPU
		{5494F99A-1220-47BC-AD83-9ED2AF112796}.Release|x64.Build.0 = Release|Any CPU
		{5494F99A-1220-47BC-AD83-9ED2AF112796}.Release|x86.ActiveCfg = Release|Any CPU
		{5494F99A-1220-47BC-AD83-9ED2AF112796}.Release|x86.Build.0 = Release|Any CPU
		{F6BA25A5-6EBE-4D3A-82E0-983FFE071315}.Debug|Any CPU.ActiveCfg = Debug|Any CPU
		{F6BA25A5-6EBE-4D3A-82E0-983FFE071315}.Debug|Any CPU.Build.0 = Debug|Any CPU
		{F6BA25A5-6EBE-4D3A-82E0-983FFE071315}.Debug|x64.ActiveCfg = Debug|Any CPU
		{F6BA25A5-6EBE-4D3A-82E0-983FFE071315}.Debug|x64.Build.0 = Debug|Any CPU
		{F6BA25A5-6EBE-4D3A-82E0-983FFE071315}.Debug|x86.ActiveCfg = Debug|Any CPU
		{F6BA25A5-6EBE-4D3A-82E0-983FFE071315}.Debug|x86.Build.0 = Debug|Any CPU
		{F6BA25A5-6EBE-4D3A-82E0-983FFE071315}.Release|Any CPU.ActiveCfg = Release|Any CPU
		{F6BA25A5-6EBE-4D3A-82E0-983FFE071315}.Release|Any CPU.Build.0 = Release|Any CPU
		{F6BA25A5-6EBE-4D3A-82E0-983FFE071315}.Release|x64.ActiveCfg = Release|Any CPU
		{F6BA25A5-6EBE-4D3A-82E0-983FFE071315}.Release|x64.Build.0 = Release|Any CPU
		{F6BA25A5-6EBE-4D3A-82E0-983FFE071315}.Release|x86.ActiveCfg = Release|Any CPU
		{F6BA25A5-6EBE-4D3A-82E0-983FFE071315}.Release|x86.Build.0 = Release|Any CPU
		{B8C7D4E9-2F5A-4B6C-9D8E-A1F2B3C4D5E6}.Debug|Any CPU.ActiveCfg = Debug|Any CPU
		{B8C7D4E9-2F5A-4B6C-9D8E-A1F2B3C4D5E6}.Debug|Any CPU.Build.0 = Debug|Any CPU
		{B8C7D4E9-2F5A-4B6C-9D8E-A1F2B3C4D5E6}.Debug|x64.ActiveCfg = Debug|Any CPU
		{B8C7D4E9-2F5A-4B6C-9D8E-A1F2B3C4D5E6}.Debug|x64.Build.0 = Debug|Any CPU
		{B8C7D4E9-2F5A-4B6C-9D8E-A1F2B3C4D5E6}.Debug|x86.ActiveCfg = Debug|Any CPU
		{B8C7D4E9-2F5A-4B6C-9D8E-A1F2B3C4D5E6}.Debug|x86.Build.0 = Debug|Any CPU
		{B8C7D4E9-2F5A-4B6C-9D8E-A1F2B3C4D5E6}.Release|Any CPU.ActiveCfg = Release|Any CPU
		{B8C7D4E9-2F5A-4B6C-9D8E-A1F2B3C4D5E6}.Release|Any CPU.Build.0 = Release|Any CPU
		{B8C7D4E9-2F5A-4B6C-9D8E-A1F2B3C4D5E6}.Release|x64.ActiveCfg = Release|Any CPU
		{B8C7D4E9-2F5A-4B6C-9D8E-A1F2B3C4D5E6}.Release|x64.Build.0 = Release|Any CPU
		{B8C7D4E9-2F5A-4B6C-9D8E-A1F2B3C4D5E6}.Release|x86.ActiveCfg = Release|Any CPU
		{B8C7D4E9-2F5A-4B6C-9D8E-A1F2B3C4D5E6}.Release|x86.Build.0 = Release|Any CPU
		{C9D8E5F0-3A6B-4C7D-9E0F-B2C3D4E5F6A7}.Debug|Any CPU.ActiveCfg = Debug|Any CPU
		{C9D8E5F0-3A6B-4C7D-9E0F-B2C3D4E5F6A7}.Debug|Any CPU.Build.0 = Debug|Any CPU
		{C9D8E5F0-3A6B-4C7D-9E0F-B2C3D4E5F6A7}.Debug|x64.ActiveCfg = Debug|Any CPU
		{C9D8E5F0-3A6B-4C7D-9E0F-B2C3D4E5F6A7}.Debug|x64.Build.0 = Debug|Any CPU
		{C9D8E5F0-3A6B-4C7D-9E0F-B2C3D4E5F6A7}.Debug|x86.ActiveCfg = Debug|Any CPU
		{C9D8E5F0-3A6B-4C7D-9E0F-B2C3D4E5F6A7}.Debug|x86.Build.0 = Debug|Any CPU
		{C9D8E5F0-3A6B-4C7D-9E0F-B2C3D4E5F6A7}.Release|Any CPU.ActiveCfg = Release|Any CPU
		{C9D8E5F0-3A6B-4C7D-9E0F-B2C3D4E5F6A7}.Release|Any CPU.Build.0 = Release|Any CPU
		{C9D8E5F0-3A6B-4C7D-9E0F-B2C3D4E5F6A7}.Release|x64.ActiveCfg = Release|Any CPU
		{C9D8E5F0-3A6B-4C7D-9E0F-B2C3D4E5F6A7}.Release|x64.Build.0 = Release|Any CPU
		{C9D8E5F0-3A6B-4C7D-9E0F-B2C3D4E5F6A7}.Release|x86.ActiveCfg = Release|Any CPU
		{C9D8E5F0-3A6B-4C7D-9E0F-B2C3D4E5F6A7}.Release|x86.Build.0 = Release|Any CPU
		{D0E9F6A1-4C7D-5E8F-0A1B-C3D4E5F6A7B8}.Debug|Any CPU.ActiveCfg = Debug|Any CPU
		{D0E9F6A1-4C7D-5E8F-0A1B-C3D4E5F6A7B8}.Debug|Any CPU.Build.0 = Debug|Any CPU
		{D0E9F6A1-4C7D-5E8F-0A1B-C3D4E5F6A7B8}.Debug|x64.ActiveCfg = Debug|Any CPU
		{D0E9F6A1-4C7D-5E8F-0A1B-C3D4E5F6A7B8}.Debug|x64.Build.0 = Debug|Any CPU
		{D0E9F6A1-4C7D-5E8F-0A1B-C3D4E5F6A7B8}.Debug|x86.ActiveCfg = Debug|Any CPU
		{D0E9F6A1-4C7D-5E8F-0A1B-C3D4E5F6A7B8}.Debug|x86.Build.0 = Debug|Any CPU
		{D0E9F6A1-4C7D-5E8F-0A1B-C3D4E5F6A7B8}.Release|Any CPU.ActiveCfg = Release|Any CPU
		{D0E9F6A1-4C7D-5E8F-0A1B-C3D4E5F6A7B8}.Release|Any CPU.Build.0 = Release|Any CPU
		{D0E9F6A1-4C7D-5E8F-0A1B-C3D4E5F6A7B8}.Release|x64.ActiveCfg = Release|Any CPU
		{D0E9F6A1-4C7D-5E8F-0A1B-C3D4E5F6A7B8}.Release|x64.Build.0 = Release|Any CPU
		{D0E9F6A1-4C7D-5E8F-0A1B-C3D4E5F6A7B8}.Release|x86.ActiveCfg = Release|Any CPU
		{D0E9F6A1-4C7D-5E8F-0A1B-C3D4E5F6A7B8}.Release|x86.Build.0 = Release|Any CPU
	EndGlobalSection
	GlobalSection(SolutionProperties) = preSolution
		HideSolutionNode = FALSE
	EndGlobalSection
	GlobalSection(ExtensibilityGlobals) = postSolution
		SolutionGuid = {3D6530CE-5590-4196-BE99-2DDDBA599701}
	EndGlobalSection
EndGlobal
